
Microsoft Visual Studio Solution File, Format Version 12.00
# Visual Studio Version 17
VisualStudioVersion = 17.8.34511.84
MinimumVisualStudioVersion = 10.0.40219.1
Project("{9A19103F-16F7-4668-BE54-9A1E7A4F7556}") = "JusGiveaway", "JusGiveaway.csproj", "{8725E98B-E904-4480-BB47-CA734255BB0C}"
EndProject
Global
	GlobalSection(SolutionConfigurationPlatforms) = preSolution
		Debug|Any CPU = Debug|Any CPU
		Release|Any CPU = Release|Any CPU
	EndGlobalSection
	GlobalSection(ProjectConfigurationPlatforms) = postSolution
		{8725E98B-E904-4480-BB47-CA734255BB0C}.Debug|Any CPU.ActiveCfg = Debug|Any CPU
		{8725E98B-E904-4480-BB47-CA734255BB0C}.Debug|Any CPU.Build.0 = Debug|Any CPU
		{8725E98B-E904-4480-BB47-CA734255BB0C}.Debug|Any CPU.Deploy.0 = Debug|Any CPU
		{8725E98B-E904-4480-BB47-CA734255BB0C}.Release|Any CPU.ActiveCfg = Release|Any CPU
		{8725E98B-E904-4480-BB47-CA734255BB0C}.Release|Any CPU.Build.0 = Release|Any CPU
		{8725E98B-E904-4480-BB47-CA734255BB0C}.Release|Any CPU.Deploy.0 = Release|Any CPU
	EndGlobalSection
	GlobalSection(SolutionProperties) = preSolution
		HideSolutionNode = FALSE
	EndGlobalSection
	GlobalSection(ExtensibilityGlobals) = postSolution
		SolutionGuid = {04E2CE3D-74FA-4514-BADA-63BC30D7112D}
	EndGlobalSection
EndGlobal
